// !$*UTF8*$!
{
	archiveVersion = 1;
	classes = {
	};
	objectVersion = 54;
	objects = {

/* Begin PBXBuildFile section */
		00E356F31AD99517003FC87E /* EnsembleTests.m in Sources */ = {isa = PBXBuildFile; fileRef = 00E356F21AD99517003FC87E /* EnsembleTests.m */; };
		0C80B921A6F3F58F76C31292 /* libPods-Ensemble.a in Frameworks */ = {isa = PBXBuildFile; fileRef = 5DCACB8F33CDC322A6C60F78 /* libPods-Ensemble.a */; };
		13B07FBC1A68108700A75B9A /* AppDelegate.mm in Sources */ = {isa = PBXBuildFile; fileRef = 13B07FB01A68108700A75B9A /* AppDelegate.mm */; };
		13B07FBF1A68108700A75B9A /* Images.xcassets in Resources */ = {isa = PBXBuildFile; fileRef = 13B07FB51A68108700A75B9A /* Images.xcassets */; };
		13B07FC11A68108700A75B9A /* main.m in Sources */ = {isa = PBXBuildFile; fileRef = 13B07FB71A68108700A75B9A /* main.m */; };
		7699B88040F8A987B510C191 /* libPods-Ensemble-EnsembleTests.a in Frameworks */ = {isa = PBXBuildFile; fileRef = 19F6CBCC0A4E27FBF8BF4A61 /* libPods-Ensemble-EnsembleTests.a */; };
		81AB9BB82411601600AC10FF /* LaunchScreen.storyboard in Resources */ = {isa = PBXBuildFile; fileRef = 81AB9BB72411601600AC10FF /* LaunchScreen.storyboard */; };
		3D8766B9321B44A9ACD6765E /* FiraSans-Black.ttf in Resources */ = {isa = PBXBuildFile; fileRef = D64B288B0D9441C0B280561B /* FiraSans-Black.ttf */; };
		96738E03A41E43D387C338EB /* FiraSans-BlackItalic.ttf in Resources */ = {isa = PBXBuildFile; fileRef = D763436150B84615B6D61309 /* FiraSans-BlackItalic.ttf */; };
		71CEC79CF80A4A11A8F281BA /* FiraSans-Bold.ttf in Resources */ = {isa = PBXBuildFile; fileRef = 20960CA81C2C4E9BBE7BB9EA /* FiraSans-Bold.ttf */; };
		0D42602179DE4CE69597C8C2 /* FiraSans-BoldItalic.ttf in Resources */ = {isa = PBXBuildFile; fileRef = EB6DB0E0D2254F03B672B511 /* FiraSans-BoldItalic.ttf */; };
		3B54EFA5158A44269BDAAFB0 /* FiraSans-ExtraBold.ttf in Resources */ = {isa = PBXBuildFile; fileRef = 62B2C1D429DF4723B71F806E /* FiraSans-ExtraBold.ttf */; };
		D39463A018A34DD392121E81 /* FiraSans-ExtraBoldItalic.ttf in Resources */ = {isa = PBXBuildFile; fileRef = AE0DCBF2F3DC4104988F1C20 /* FiraSans-ExtraBoldItalic.ttf */; };
		28F76EFCE5374AAC98FAB7A8 /* FiraSans-ExtraLight.ttf in Resources */ = {isa = PBXBuildFile; fileRef = A35097808B2B40768ACEBED3 /* FiraSans-ExtraLight.ttf */; };
		DA41E515080E48A2B7D9B72D /* FiraSans-ExtraLightItalic.ttf in Resources */ = {isa = PBXBuildFile; fileRef = 27A6421DF1F641808C271BC1 /* FiraSans-ExtraLightItalic.ttf */; };
		AB8196311DA34FFAA0830F83 /* FiraSans-Italic.ttf in Resources */ = {isa = PBXBuildFile; fileRef = 563CEB05580B444CABD0945A /* FiraSans-Italic.ttf */; };
		E7C5796AAC8E4CE491FE5ED4 /* FiraSans-Light.ttf in Resources */ = {isa = PBXBuildFile; fileRef = E9CA4491154C4B07ADBA6644 /* FiraSans-Light.ttf */; };
		635D692D79574136BA1BD871 /* FiraSans-LightItalic.ttf in Resources */ = {isa = PBXBuildFile; fileRef = 2A1E688F0E9440EFBD671BCB /* FiraSans-LightItalic.ttf */; };
		4EF5791A12DC473198C6319E /* FiraSans-Medium.ttf in Resources */ = {isa = PBXBuildFile; fileRef = E76BDD9354434A319246AB7B /* FiraSans-Medium.ttf */; };
		E76D6AA36EA7473F8A4586CE /* FiraSans-MediumItalic.ttf in Resources */ = {isa = PBXBuildFile; fileRef = 6764BF51A38846C69E614304 /* FiraSans-MediumItalic.ttf */; };
		D8274BE8CB7048B183B4A2DF /* FiraSans-Regular.ttf in Resources */ = {isa = PBXBuildFile; fileRef = 4F35FE63EC0B49C3BF67BA66 /* FiraSans-Regular.ttf */; };
		4C6B100823164029BE3297EB /* FiraSans-SemiBold.ttf in Resources */ = {isa = PBXBuildFile; fileRef = 27C804CC73224F7FAABDDD36 /* FiraSans-SemiBold.ttf */; };
		F10222C4DBE64BE89DB0301C /* FiraSans-SemiBoldItalic.ttf in Resources */ = {isa = PBXBuildFile; fileRef = 90CB47CD38484C6CAAB61E2A /* FiraSans-SemiBoldItalic.ttf */; };
		7A78A5F023004230AA18E131 /* FiraSans-Thin.ttf in Resources */ = {isa = PBXBuildFile; fileRef = 01A907C5B8474A7AA7541673 /* FiraSans-Thin.ttf */; };
		CB3C2E44F9974351A0082175 /* FiraSans-ThinItalic.ttf in Resources */ = {isa = PBXBuildFile; fileRef = CC987B1EDF634B6D890B8C33 /* FiraSans-ThinItalic.ttf */; };
		55FE8C936CC34580A980359E /* Inter-Black.ttf in Resources */ = {isa = PBXBuildFile; fileRef = 30C96D9DCF3C4172861C5F0F /* Inter-Black.ttf */; };
		F089ED715C3740E4B17BEA14 /* Inter-Bold.ttf in Resources */ = {isa = PBXBuildFile; fileRef = 51B21159117D4E8AA8FA7875 /* Inter-Bold.ttf */; };
		1EA914A3250A4FAEBB3443AD /* Inter-ExtraBold.ttf in Resources */ = {isa = PBXBuildFile; fileRef = 05AB5E81F49440F1BF924974 /* Inter-ExtraBold.ttf */; };
		7E57B9D20455445185D7716C /* Inter-ExtraLight.ttf in Resources */ = {isa = PBXBuildFile; fileRef = BF6936B0FC934AA7AC6A82E5 /* Inter-ExtraLight.ttf */; };
		6E24CB6E7A014D0A977DF0FA /* Inter-Light.ttf in Resources */ = {isa = PBXBuildFile; fileRef = 648A4A72D7C04A08978CAC9F /* Inter-Light.ttf */; };
		753E3E2E9DE740DE9EEB931E /* Inter-Medium.ttf in Resources */ = {isa = PBXBuildFile; fileRef = 020D309BA02647A7B92ACF98 /* Inter-Medium.ttf */; };
		355F244FEC224FA48B70F4D0 /* Inter-Regular.ttf in Resources */ = {isa = PBXBuildFile; fileRef = 5AC6A1E0A6A9470EBCFDA966 /* Inter-Regular.ttf */; };
		D98C4BF6D4964316B5DF0DDA /* Inter-SemiBold.ttf in Resources */ = {isa = PBXBuildFile; fileRef = 733523AAF04544BFA92C10B5 /* Inter-SemiBold.ttf */; };
		C3C582330B8E46ACB1D7A271 /* Inter-Thin.ttf in Resources */ = {isa = PBXBuildFile; fileRef = EE20642E3D7743C19F0A4B41 /* Inter-Thin.ttf */; };
		ACB0A1246FAF4376B5340637 /* Poppins-Black.ttf in Resources */ = {isa = PBXBuildFile; fileRef = D667B7B9731B492EB1EEE63B /* Poppins-Black.ttf */; };
		11B6DA2A7E29431AA42D84EC /* Poppins-BlackItalic.ttf in Resources */ = {isa = PBXBuildFile; fileRef = 9A5FC35FB8104F6EBDB74934 /* Poppins-BlackItalic.ttf */; };
		64C89C69486F4ACBB41C2D6D /* Poppins-Bold.ttf in Resources */ = {isa = PBXBuildFile; fileRef = 18402CC487214CB3AD7CA2A7 /* Poppins-Bold.ttf */; };
		52E5E50ACF1243CDBB714600 /* Poppins-BoldItalic.ttf in Resources */ = {isa = PBXBuildFile; fileRef = 9C6A4D64E49341128739EE11 /* Poppins-BoldItalic.ttf */; };
		56275894B2C54C1C8EB7F0A8 /* Poppins-ExtraBold.ttf in Resources */ = {isa = PBXBuildFile; fileRef = FAE9962222734BE3ABC7F66F /* Poppins-ExtraBold.ttf */; };
		AB25C7849CB8413484E84E42 /* Poppins-ExtraBoldItalic.ttf in Resources */ = {isa = PBXBuildFile; fileRef = 17858383BB5B4A568A408D36 /* Poppins-ExtraBoldItalic.ttf */; };
		92ECC5C3128B4E9C914E96F8 /* Poppins-ExtraLight.ttf in Resources */ = {isa = PBXBuildFile; fileRef = 781B2EFBDF24444B950E119E /* Poppins-ExtraLight.ttf */; };
		64258171600F4B9B86566449 /* Poppins-ExtraLightItalic.ttf in Resources */ = {isa = PBXBuildFile; fileRef = A253B33CDA904D85862C0A35 /* Poppins-ExtraLightItalic.ttf */; };
		EE37A8E55160421FB08E3A22 /* Poppins-Italic.ttf in Resources */ = {isa = PBXBuildFile; fileRef = DE82A26B57DA4460B1D66482 /* Poppins-Italic.ttf */; };
		6679E1809CAA45D7A8A1D5A5 /* Poppins-Light.ttf in Resources */ = {isa = PBXBuildFile; fileRef = 27C06BB880B44B0490883E00 /* Poppins-Light.ttf */; };
		F03245973F9442E192052E0F /* Poppins-LightItalic.ttf in Resources */ = {isa = PBXBuildFile; fileRef = C93E42C4A01045CDB9CE72C8 /* Poppins-LightItalic.ttf */; };
		30D941D1174E4A2685654D95 /* Poppins-Medium.ttf in Resources */ = {isa = PBXBuildFile; fileRef = 100E001B6C13471FA09AC68D /* Poppins-Medium.ttf */; };
		AEDDECABE3594A7BB34731BD /* Poppins-MediumItalic.ttf in Resources */ = {isa = PBXBuildFile; fileRef = 674536824E2445E1BF1159C3 /* Poppins-MediumItalic.ttf */; };
		28E0F22D443D45718D844DE5 /* Poppins-Regular.ttf in Resources */ = {isa = PBXBuildFile; fileRef = B1F17B5676084FE3BDE86084 /* Poppins-Regular.ttf */; };
		2E2ABA420FCA4764BDF2623B /* Poppins-SemiBold.ttf in Resources */ = {isa = PBXBuildFile; fileRef = AD1DD08069D64DD187D46C41 /* Poppins-SemiBold.ttf */; };
		8A65239D7C244F919C197B9B /* Poppins-SemiBoldItalic.ttf in Resources */ = {isa = PBXBuildFile; fileRef = EF604494427849BAACD58CB9 /* Poppins-SemiBoldItalic.ttf */; };
		6BBBD0897CF74C18B7767593 /* Poppins-Thin.ttf in Resources */ = {isa = PBXBuildFile; fileRef = 1F70278163D64815A27CD630 /* Poppins-Thin.ttf */; };
		F97B32690C804A9AB1BF04CC /* Poppins-ThinItalic.ttf in Resources */ = {isa = PBXBuildFile; fileRef = 5D82CA5E559A45FE94D3A258 /* Poppins-ThinItalic.ttf */; };
		FA04CAA203344A9E88B0E140 /* Fonts.js in Resources */ = {isa = PBXBuildFile; fileRef = 01AC6E7CD2784AD7BF421A0F /* Fonts.js */; };
/* End PBXBuildFile section */

/* Begin PBXContainerItemProxy section */
		00E356F41AD99517003FC87E /* PBXContainerItemProxy */ = {
			isa = PBXContainerItemProxy;
			containerPortal = 83CBB9F71A601CBA00E9B192 /* Project object */;
			proxyType = 1;
			remoteGlobalIDString = 13B07F861A680F5B00A75B9A;
			remoteInfo = Ensemble;
		};
/* End PBXContainerItemProxy section */

/* Begin PBXFileReference section */
		00E356EE1AD99517003FC87E /* EnsembleTests.xctest */ = {isa = PBXFileReference; explicitFileType = wrapper.cfbundle; includeInIndex = 0; path = EnsembleTests.xctest; sourceTree = BUILT_PRODUCTS_DIR; };
		00E356F11AD99517003FC87E /* Info.plist */ = {isa = PBXFileReference; lastKnownFileType = text.plist.xml; path = Info.plist; sourceTree = "<group>"; };
		00E356F21AD99517003FC87E /* EnsembleTests.m */ = {isa = PBXFileReference; lastKnownFileType = sourcecode.c.objc; path = EnsembleTests.m; sourceTree = "<group>"; };
		13B07F961A680F5B00A75B9A /* Ensemble.app */ = {isa = PBXFileReference; explicitFileType = wrapper.application; includeInIndex = 0; path = Ensemble.app; sourceTree = BUILT_PRODUCTS_DIR; };
		13B07FAF1A68108700A75B9A /* AppDelegate.h */ = {isa = PBXFileReference; fileEncoding = 4; lastKnownFileType = sourcecode.c.h; name = AppDelegate.h; path = Ensemble/AppDelegate.h; sourceTree = "<group>"; };
		13B07FB01A68108700A75B9A /* AppDelegate.mm */ = {isa = PBXFileReference; fileEncoding = 4; lastKnownFileType = sourcecode.cpp.objcpp; name = AppDelegate.mm; path = Ensemble/AppDelegate.mm; sourceTree = "<group>"; };
		13B07FB51A68108700A75B9A /* Images.xcassets */ = {isa = PBXFileReference; lastKnownFileType = folder.assetcatalog; name = Images.xcassets; path = Ensemble/Images.xcassets; sourceTree = "<group>"; };
		13B07FB61A68108700A75B9A /* Info.plist */ = {isa = PBXFileReference; fileEncoding = 4; lastKnownFileType = text.plist.xml; name = Info.plist; path = Ensemble/Info.plist; sourceTree = "<group>"; };
		13B07FB71A68108700A75B9A /* main.m */ = {isa = PBXFileReference; fileEncoding = 4; lastKnownFileType = sourcecode.c.objc; name = main.m; path = Ensemble/main.m; sourceTree = "<group>"; };
		19F6CBCC0A4E27FBF8BF4A61 /* libPods-Ensemble-EnsembleTests.a */ = {isa = PBXFileReference; explicitFileType = archive.ar; includeInIndex = 0; path = "libPods-Ensemble-EnsembleTests.a"; sourceTree = BUILT_PRODUCTS_DIR; };
		3B4392A12AC88292D35C810B /* Pods-Ensemble.debug.xcconfig */ = {isa = PBXFileReference; includeInIndex = 1; lastKnownFileType = text.xcconfig; name = "Pods-Ensemble.debug.xcconfig"; path = "Target Support Files/Pods-Ensemble/Pods-Ensemble.debug.xcconfig"; sourceTree = "<group>"; };
		5709B34CF0A7D63546082F79 /* Pods-Ensemble.release.xcconfig */ = {isa = PBXFileReference; includeInIndex = 1; lastKnownFileType = text.xcconfig; name = "Pods-Ensemble.release.xcconfig"; path = "Target Support Files/Pods-Ensemble/Pods-Ensemble.release.xcconfig"; sourceTree = "<group>"; };
		5B7EB9410499542E8C5724F5 /* Pods-Ensemble-EnsembleTests.debug.xcconfig */ = {isa = PBXFileReference; includeInIndex = 1; lastKnownFileType = text.xcconfig; name = "Pods-Ensemble-EnsembleTests.debug.xcconfig"; path = "Target Support Files/Pods-Ensemble-EnsembleTests/Pods-Ensemble-EnsembleTests.debug.xcconfig"; sourceTree = "<group>"; };
		5DCACB8F33CDC322A6C60F78 /* libPods-Ensemble.a */ = {isa = PBXFileReference; explicitFileType = archive.ar; includeInIndex = 0; path = "libPods-Ensemble.a"; sourceTree = BUILT_PRODUCTS_DIR; };
		81AB9BB72411601600AC10FF /* LaunchScreen.storyboard */ = {isa = PBXFileReference; fileEncoding = 4; lastKnownFileType = file.storyboard; name = LaunchScreen.storyboard; path = Ensemble/LaunchScreen.storyboard; sourceTree = "<group>"; };
		89C6BE57DB24E9ADA2F236DE /* Pods-Ensemble-EnsembleTests.release.xcconfig */ = {isa = PBXFileReference; includeInIndex = 1; lastKnownFileType = text.xcconfig; name = "Pods-Ensemble-EnsembleTests.release.xcconfig"; path = "Target Support Files/Pods-Ensemble-EnsembleTests/Pods-Ensemble-EnsembleTests.release.xcconfig"; sourceTree = "<group>"; };
		ED297162215061F000B7C4FE /* JavaScriptCore.framework */ = {isa = PBXFileReference; lastKnownFileType = wrapper.framework; name = JavaScriptCore.framework; path = System/Library/Frameworks/JavaScriptCore.framework; sourceTree = SDKROOT; };
		D64B288B0D9441C0B280561B /* FiraSans-Black.ttf */ = {isa = PBXFileReference; name = "FiraSans-Black.ttf"; path = "../assets/fonts/FiraSans-Black.ttf"; sourceTree = "<group>"; fileEncoding = undefined; lastKnownFileType = unknown; explicitFileType = undefined; includeInIndex = 0; };
		D763436150B84615B6D61309 /* FiraSans-BlackItalic.ttf */ = {isa = PBXFileReference; name = "FiraSans-BlackItalic.ttf"; path = "../assets/fonts/FiraSans-BlackItalic.ttf"; sourceTree = "<group>"; fileEncoding = undefined; lastKnownFileType = unknown; explicitFileType = undefined; includeInIndex = 0; };
		20960CA81C2C4E9BBE7BB9EA /* FiraSans-Bold.ttf */ = {isa = PBXFileReference; name = "FiraSans-Bold.ttf"; path = "../assets/fonts/FiraSans-Bold.ttf"; sourceTree = "<group>"; fileEncoding = undefined; lastKnownFileType = unknown; explicitFileType = undefined; includeInIndex = 0; };
		EB6DB0E0D2254F03B672B511 /* FiraSans-BoldItalic.ttf */ = {isa = PBXFileReference; name = "FiraSans-BoldItalic.ttf"; path = "../assets/fonts/FiraSans-BoldItalic.ttf"; sourceTree = "<group>"; fileEncoding = undefined; lastKnownFileType = unknown; explicitFileType = undefined; includeInIndex = 0; };
		62B2C1D429DF4723B71F806E /* FiraSans-ExtraBold.ttf */ = {isa = PBXFileReference; name = "FiraSans-ExtraBold.ttf"; path = "../assets/fonts/FiraSans-ExtraBold.ttf"; sourceTree = "<group>"; fileEncoding = undefined; lastKnownFileType = unknown; explicitFileType = undefined; includeInIndex = 0; };
		AE0DCBF2F3DC4104988F1C20 /* FiraSans-ExtraBoldItalic.ttf */ = {isa = PBXFileReference; name = "FiraSans-ExtraBoldItalic.ttf"; path = "../assets/fonts/FiraSans-ExtraBoldItalic.ttf"; sourceTree = "<group>"; fileEncoding = undefined; lastKnownFileType = unknown; explicitFileType = undefined; includeInIndex = 0; };
		A35097808B2B40768ACEBED3 /* FiraSans-ExtraLight.ttf */ = {isa = PBXFileReference; name = "FiraSans-ExtraLight.ttf"; path = "../assets/fonts/FiraSans-ExtraLight.ttf"; sourceTree = "<group>"; fileEncoding = undefined; lastKnownFileType = unknown; explicitFileType = undefined; includeInIndex = 0; };
		27A6421DF1F641808C271BC1 /* FiraSans-ExtraLightItalic.ttf */ = {isa = PBXFileReference; name = "FiraSans-ExtraLightItalic.ttf"; path = "../assets/fonts/FiraSans-ExtraLightItalic.ttf"; sourceTree = "<group>"; fileEncoding = undefined; lastKnownFileType = unknown; explicitFileType = undefined; includeInIndex = 0; };
		563CEB05580B444CABD0945A /* FiraSans-Italic.ttf */ = {isa = PBXFileReference; name = "FiraSans-Italic.ttf"; path = "../assets/fonts/FiraSans-Italic.ttf"; sourceTree = "<group>"; fileEncoding = undefined; lastKnownFileType = unknown; explicitFileType = undefined; includeInIndex = 0; };
		E9CA4491154C4B07ADBA6644 /* FiraSans-Light.ttf */ = {isa = PBXFileReference; name = "FiraSans-Light.ttf"; path = "../assets/fonts/FiraSans-Light.ttf"; sourceTree = "<group>"; fileEncoding = undefined; lastKnownFileType = unknown; explicitFileType = undefined; includeInIndex = 0; };
		2A1E688F0E9440EFBD671BCB /* FiraSans-LightItalic.ttf */ = {isa = PBXFileReference; name = "FiraSans-LightItalic.ttf"; path = "../assets/fonts/FiraSans-LightItalic.ttf"; sourceTree = "<group>"; fileEncoding = undefined; lastKnownFileType = unknown; explicitFileType = undefined; includeInIndex = 0; };
		E76BDD9354434A319246AB7B /* FiraSans-Medium.ttf */ = {isa = PBXFileReference; name = "FiraSans-Medium.ttf"; path = "../assets/fonts/FiraSans-Medium.ttf"; sourceTree = "<group>"; fileEncoding = undefined; lastKnownFileType = unknown; explicitFileType = undefined; includeInIndex = 0; };
		6764BF51A38846C69E614304 /* FiraSans-MediumItalic.ttf */ = {isa = PBXFileReference; name = "FiraSans-MediumItalic.ttf"; path = "../assets/fonts/FiraSans-MediumItalic.ttf"; sourceTree = "<group>"; fileEncoding = undefined; lastKnownFileType = unknown; explicitFileType = undefined; includeInIndex = 0; };
		4F35FE63EC0B49C3BF67BA66 /* FiraSans-Regular.ttf */ = {isa = PBXFileReference; name = "FiraSans-Regular.ttf"; path = "../assets/fonts/FiraSans-Regular.ttf"; sourceTree = "<group>"; fileEncoding = undefined; lastKnownFileType = unknown; explicitFileType = undefined; includeInIndex = 0; };
		27C804CC73224F7FAABDDD36 /* FiraSans-SemiBold.ttf */ = {isa = PBXFileReference; name = "FiraSans-SemiBold.ttf"; path = "../assets/fonts/FiraSans-SemiBold.ttf"; sourceTree = "<group>"; fileEncoding = undefined; lastKnownFileType = unknown; explicitFileType = undefined; includeInIndex = 0; };
		90CB47CD38484C6CAAB61E2A /* FiraSans-SemiBoldItalic.ttf */ = {isa = PBXFileReference; name = "FiraSans-SemiBoldItalic.ttf"; path = "../assets/fonts/FiraSans-SemiBoldItalic.ttf"; sourceTree = "<group>"; fileEncoding = undefined; lastKnownFileType = unknown; explicitFileType = undefined; includeInIndex = 0; };
		01A907C5B8474A7AA7541673 /* FiraSans-Thin.ttf */ = {isa = PBXFileReference; name = "FiraSans-Thin.ttf"; path = "../assets/fonts/FiraSans-Thin.ttf"; sourceTree = "<group>"; fileEncoding = undefined; lastKnownFileType = unknown; explicitFileType = undefined; includeInIndex = 0; };
		CC987B1EDF634B6D890B8C33 /* FiraSans-ThinItalic.ttf */ = {isa = PBXFileReference; name = "FiraSans-ThinItalic.ttf"; path = "../assets/fonts/FiraSans-ThinItalic.ttf"; sourceTree = "<group>"; fileEncoding = undefined; lastKnownFileType = unknown; explicitFileType = undefined; includeInIndex = 0; };
		30C96D9DCF3C4172861C5F0F /* Inter-Black.ttf */ = {isa = PBXFileReference; name = "Inter-Black.ttf"; path = "../assets/fonts/Inter-Black.ttf"; sourceTree = "<group>"; fileEncoding = undefined; lastKnownFileType = unknown; explicitFileType = undefined; includeInIndex = 0; };
		51B21159117D4E8AA8FA7875 /* Inter-Bold.ttf */ = {isa = PBXFileReference; name = "Inter-Bold.ttf"; path = "../assets/fonts/Inter-Bold.ttf"; sourceTree = "<group>"; fileEncoding = undefined; lastKnownFileType = unknown; explicitFileType = undefined; includeInIndex = 0; };
		05AB5E81F49440F1BF924974 /* Inter-ExtraBold.ttf */ = {isa = PBXFileReference; name = "Inter-ExtraBold.ttf"; path = "../assets/fonts/Inter-ExtraBold.ttf"; sourceTree = "<group>"; fileEncoding = undefined; lastKnownFileType = unknown; explicitFileType = undefined; includeInIndex = 0; };
		BF6936B0FC934AA7AC6A82E5 /* Inter-ExtraLight.ttf */ = {isa = PBXFileReference; name = "Inter-ExtraLight.ttf"; path = "../assets/fonts/Inter-ExtraLight.ttf"; sourceTree = "<group>"; fileEncoding = undefined; lastKnownFileType = unknown; explicitFileType = undefined; includeInIndex = 0; };
		648A4A72D7C04A08978CAC9F /* Inter-Light.ttf */ = {isa = PBXFileReference; name = "Inter-Light.ttf"; path = "../assets/fonts/Inter-Light.ttf"; sourceTree = "<group>"; fileEncoding = undefined; lastKnownFileType = unknown; explicitFileType = undefined; includeInIndex = 0; };
		020D309BA02647A7B92ACF98 /* Inter-Medium.ttf */ = {isa = PBXFileReference; name = "Inter-Medium.ttf"; path = "../assets/fonts/Inter-Medium.ttf"; sourceTree = "<group>"; fileEncoding = undefined; lastKnownFileType = unknown; explicitFileType = undefined; includeInIndex = 0; };
		5AC6A1E0A6A9470EBCFDA966 /* Inter-Regular.ttf */ = {isa = PBXFileReference; name = "Inter-Regular.ttf"; path = "../assets/fonts/Inter-Regular.ttf"; sourceTree = "<group>"; fileEncoding = undefined; lastKnownFileType = unknown; explicitFileType = undefined; includeInIndex = 0; };
		733523AAF04544BFA92C10B5 /* Inter-SemiBold.ttf */ = {isa = PBXFileReference; name = "Inter-SemiBold.ttf"; path = "../assets/fonts/Inter-SemiBold.ttf"; sourceTree = "<group>"; fileEncoding = undefined; lastKnownFileType = unknown; explicitFileType = undefined; includeInIndex = 0; };
		EE20642E3D7743C19F0A4B41 /* Inter-Thin.ttf */ = {isa = PBXFileReference; name = "Inter-Thin.ttf"; path = "../assets/fonts/Inter-Thin.ttf"; sourceTree = "<group>"; fileEncoding = undefined; lastKnownFileType = unknown; explicitFileType = undefined; includeInIndex = 0; };
		D667B7B9731B492EB1EEE63B /* Poppins-Black.ttf */ = {isa = PBXFileReference; name = "Poppins-Black.ttf"; path = "../assets/fonts/Poppins-Black.ttf"; sourceTree = "<group>"; fileEncoding = undefined; lastKnownFileType = unknown; explicitFileType = undefined; includeInIndex = 0; };
		9A5FC35FB8104F6EBDB74934 /* Poppins-BlackItalic.ttf */ = {isa = PBXFileReference; name = "Poppins-BlackItalic.ttf"; path = "../assets/fonts/Poppins-BlackItalic.ttf"; sourceTree = "<group>"; fileEncoding = undefined; lastKnownFileType = unknown; explicitFileType = undefined; includeInIndex = 0; };
		18402CC487214CB3AD7CA2A7 /* Poppins-Bold.ttf */ = {isa = PBXFileReference; name = "Poppins-Bold.ttf"; path = "../assets/fonts/Poppins-Bold.ttf"; sourceTree = "<group>"; fileEncoding = undefined; lastKnownFileType = unknown; explicitFileType = undefined; includeInIndex = 0; };
		9C6A4D64E49341128739EE11 /* Poppins-BoldItalic.ttf */ = {isa = PBXFileReference; name = "Poppins-BoldItalic.ttf"; path = "../assets/fonts/Poppins-BoldItalic.ttf"; sourceTree = "<group>"; fileEncoding = undefined; lastKnownFileType = unknown; explicitFileType = undefined; includeInIndex = 0; };
		FAE9962222734BE3ABC7F66F /* Poppins-ExtraBold.ttf */ = {isa = PBXFileReference; name = "Poppins-ExtraBold.ttf"; path = "../assets/fonts/Poppins-ExtraBold.ttf"; sourceTree = "<group>"; fileEncoding = undefined; lastKnownFileType = unknown; explicitFileType = undefined; includeInIndex = 0; };
		17858383BB5B4A568A408D36 /* Poppins-ExtraBoldItalic.ttf */ = {isa = PBXFileReference; name = "Poppins-ExtraBoldItalic.ttf"; path = "../assets/fonts/Poppins-ExtraBoldItalic.ttf"; sourceTree = "<group>"; fileEncoding = undefined; lastKnownFileType = unknown; explicitFileType = undefined; includeInIndex = 0; };
		781B2EFBDF24444B950E119E /* Poppins-ExtraLight.ttf */ = {isa = PBXFileReference; name = "Poppins-ExtraLight.ttf"; path = "../assets/fonts/Poppins-ExtraLight.ttf"; sourceTree = "<group>"; fileEncoding = undefined; lastKnownFileType = unknown; explicitFileType = undefined; includeInIndex = 0; };
		A253B33CDA904D85862C0A35 /* Poppins-ExtraLightItalic.ttf */ = {isa = PBXFileReference; name = "Poppins-ExtraLightItalic.ttf"; path = "../assets/fonts/Poppins-ExtraLightItalic.ttf"; sourceTree = "<group>"; fileEncoding = undefined; lastKnownFileType = unknown; explicitFileType = undefined; includeInIndex = 0; };
		DE82A26B57DA4460B1D66482 /* Poppins-Italic.ttf */ = {isa = PBXFileReference; name = "Poppins-Italic.ttf"; path = "../assets/fonts/Poppins-Italic.ttf"; sourceTree = "<group>"; fileEncoding = undefined; lastKnownFileType = unknown; explicitFileType = undefined; includeInIndex = 0; };
		27C06BB880B44B0490883E00 /* Poppins-Light.ttf */ = {isa = PBXFileReference; name = "Poppins-Light.ttf"; path = "../assets/fonts/Poppins-Light.ttf"; sourceTree = "<group>"; fileEncoding = undefined; lastKnownFileType = unknown; explicitFileType = undefined; includeInIndex = 0; };
		C93E42C4A01045CDB9CE72C8 /* Poppins-LightItalic.ttf */ = {isa = PBXFileReference; name = "Poppins-LightItalic.ttf"; path = "../assets/fonts/Poppins-LightItalic.ttf"; sourceTree = "<group>"; fileEncoding = undefined; lastKnownFileType = unknown; explicitFileType = undefined; includeInIndex = 0; };
		100E001B6C13471FA09AC68D /* Poppins-Medium.ttf */ = {isa = PBXFileReference; name = "Poppins-Medium.ttf"; path = "../assets/fonts/Poppins-Medium.ttf"; sourceTree = "<group>"; fileEncoding = undefined; lastKnownFileType = unknown; explicitFileType = undefined; includeInIndex = 0; };
		674536824E2445E1BF1159C3 /* Poppins-MediumItalic.ttf */ = {isa = PBXFileReference; name = "Poppins-MediumItalic.ttf"; path = "../assets/fonts/Poppins-MediumItalic.ttf"; sourceTree = "<group>"; fileEncoding = undefined; lastKnownFileType = unknown; explicitFileType = undefined; includeInIndex = 0; };
		B1F17B5676084FE3BDE86084 /* Poppins-Regular.ttf */ = {isa = PBXFileReference; name = "Poppins-Regular.ttf"; path = "../assets/fonts/Poppins-Regular.ttf"; sourceTree = "<group>"; fileEncoding = undefined; lastKnownFileType = unknown; explicitFileType = undefined; includeInIndex = 0; };
		AD1DD08069D64DD187D46C41 /* Poppins-SemiBold.ttf */ = {isa = PBXFileReference; name = "Poppins-SemiBold.ttf"; path = "../assets/fonts/Poppins-SemiBold.ttf"; sourceTree = "<group>"; fileEncoding = undefined; lastKnownFileType = unknown; explicitFileType = undefined; includeInIndex = 0; };
		EF604494427849BAACD58CB9 /* Poppins-SemiBoldItalic.ttf */ = {isa = PBXFileReference; name = "Poppins-SemiBoldItalic.ttf"; path = "../assets/fonts/Poppins-SemiBoldItalic.ttf"; sourceTree = "<group>"; fileEncoding = undefined; lastKnownFileType = unknown; explicitFileType = undefined; includeInIndex = 0; };
		1F70278163D64815A27CD630 /* Poppins-Thin.ttf */ = {isa = PBXFileReference; name = "Poppins-Thin.ttf"; path = "../assets/fonts/Poppins-Thin.ttf"; sourceTree = "<group>"; fileEncoding = undefined; lastKnownFileType = unknown; explicitFileType = undefined; includeInIndex = 0; };
		5D82CA5E559A45FE94D3A258 /* Poppins-ThinItalic.ttf */ = {isa = PBXFileReference; name = "Poppins-ThinItalic.ttf"; path = "../assets/fonts/Poppins-ThinItalic.ttf"; sourceTree = "<group>"; fileEncoding = undefined; lastKnownFileType = unknown; explicitFileType = undefined; includeInIndex = 0; };
		01AC6E7CD2784AD7BF421A0F /* Fonts.js */ = {isa = PBXFileReference; name = "Fonts.js"; path = "../assets/fonts/Fonts.js"; sourceTree = "<group>"; fileEncoding = undefined; lastKnownFileType = unknown; explicitFileType = undefined; includeInIndex = 0; };
/* End PBXFileReference section */

/* Begin PBXFrameworksBuildPhase section */
		00E356EB1AD99517003FC87E /* Frameworks */ = {
			isa = PBXFrameworksBuildPhase;
			buildActionMask = 2147483647;
			files = (
				7699B88040F8A987B510C191 /* libPods-Ensemble-EnsembleTests.a in Frameworks */,
			);
			runOnlyForDeploymentPostprocessing = 0;
		};
		13B07F8C1A680F5B00A75B9A /* Frameworks */ = {
			isa = PBXFrameworksBuildPhase;
			buildActionMask = 2147483647;
			files = (
				0C80B921A6F3F58F76C31292 /* libPods-Ensemble.a in Frameworks */,
			);
			runOnlyForDeploymentPostprocessing = 0;
		};
/* End PBXFrameworksBuildPhase section */

/* Begin PBXGroup section */
		00E356EF1AD99517003FC87E /* EnsembleTests */ = {
			isa = PBXGroup;
			children = (
				00E356F21AD99517003FC87E /* EnsembleTests.m */,
				00E356F01AD99517003FC87E /* Supporting Files */,
			);
			path = EnsembleTests;
			sourceTree = "<group>";
		};
		00E356F01AD99517003FC87E /* Supporting Files */ = {
			isa = PBXGroup;
			children = (
				00E356F11AD99517003FC87E /* Info.plist */,
			);
			name = "Supporting Files";
			sourceTree = "<group>";
		};
		13B07FAE1A68108700A75B9A /* Ensemble */ = {
			isa = PBXGroup;
			children = (
				13B07FAF1A68108700A75B9A /* AppDelegate.h */,
				13B07FB01A68108700A75B9A /* AppDelegate.mm */,
				13B07FB51A68108700A75B9A /* Images.xcassets */,
				13B07FB61A68108700A75B9A /* Info.plist */,
				81AB9BB72411601600AC10FF /* LaunchScreen.storyboard */,
				13B07FB71A68108700A75B9A /* main.m */,
			);
			name = Ensemble;
			sourceTree = "<group>";
		};
		2D16E6871FA4F8E400B85C8A /* Frameworks */ = {
			isa = PBXGroup;
			children = (
				ED297162215061F000B7C4FE /* JavaScriptCore.framework */,
				5DCACB8F33CDC322A6C60F78 /* libPods-Ensemble.a */,
				19F6CBCC0A4E27FBF8BF4A61 /* libPods-Ensemble-EnsembleTests.a */,
			);
			name = Frameworks;
			sourceTree = "<group>";
		};
		832341AE1AAA6A7D00B99B32 /* Libraries */ = {
			isa = PBXGroup;
			children = (
			);
			name = Libraries;
			sourceTree = "<group>";
		};
		83CBB9F61A601CBA00E9B192 = {
			isa = PBXGroup;
			children = (
				13B07FAE1A68108700A75B9A /* Ensemble */,
				832341AE1AAA6A7D00B99B32 /* Libraries */,
				00E356EF1AD99517003FC87E /* EnsembleTests */,
				83CBBA001A601CBA00E9B192 /* Products */,
				2D16E6871FA4F8E400B85C8A /* Frameworks */,
				BBD78D7AC51CEA395F1C20DB /* Pods */,
				BB0E995152F944BA8CC96DC3 /* Resources */,
			);
			indentWidth = 2;
			sourceTree = "<group>";
			tabWidth = 2;
			usesTabs = 0;
		};
		83CBBA001A601CBA00E9B192 /* Products */ = {
			isa = PBXGroup;
			children = (
				13B07F961A680F5B00A75B9A /* Ensemble.app */,
				00E356EE1AD99517003FC87E /* EnsembleTests.xctest */,
			);
			name = Products;
			sourceTree = "<group>";
		};
		BBD78D7AC51CEA395F1C20DB /* Pods */ = {
			isa = PBXGroup;
			children = (
				3B4392A12AC88292D35C810B /* Pods-Ensemble.debug.xcconfig */,
				5709B34CF0A7D63546082F79 /* Pods-Ensemble.release.xcconfig */,
				5B7EB9410499542E8C5724F5 /* Pods-Ensemble-EnsembleTests.debug.xcconfig */,
				89C6BE57DB24E9ADA2F236DE /* Pods-Ensemble-EnsembleTests.release.xcconfig */,
			);
			path = Pods;
			sourceTree = "<group>";
		};
		BB0E995152F944BA8CC96DC3 /* Resources */ = {
			isa = "PBXGroup";
			children = (
				D64B288B0D9441C0B280561B /* FiraSans-Black.ttf */,
				D763436150B84615B6D61309 /* FiraSans-BlackItalic.ttf */,
				20960CA81C2C4E9BBE7BB9EA /* FiraSans-Bold.ttf */,
				EB6DB0E0D2254F03B672B511 /* FiraSans-BoldItalic.ttf */,
				62B2C1D429DF4723B71F806E /* FiraSans-ExtraBold.ttf */,
				AE0DCBF2F3DC4104988F1C20 /* FiraSans-ExtraBoldItalic.ttf */,
				A35097808B2B40768ACEBED3 /* FiraSans-ExtraLight.ttf */,
				27A6421DF1F641808C271BC1 /* FiraSans-ExtraLightItalic.ttf */,
				563CEB05580B444CABD0945A /* FiraSans-Italic.ttf */,
				E9CA4491154C4B07ADBA6644 /* FiraSans-Light.ttf */,
				2A1E688F0E9440EFBD671BCB /* FiraSans-LightItalic.ttf */,
				E76BDD9354434A319246AB7B /* FiraSans-Medium.ttf */,
				6764BF51A38846C69E614304 /* FiraSans-MediumItalic.ttf */,
				4F35FE63EC0B49C3BF67BA66 /* FiraSans-Regular.ttf */,
				27C804CC73224F7FAABDDD36 /* FiraSans-SemiBold.ttf */,
				90CB47CD38484C6CAAB61E2A /* FiraSans-SemiBoldItalic.ttf */,
				01A907C5B8474A7AA7541673 /* FiraSans-Thin.ttf */,
				CC987B1EDF634B6D890B8C33 /* FiraSans-ThinItalic.ttf */,
				30C96D9DCF3C4172861C5F0F /* Inter-Black.ttf */,
				51B21159117D4E8AA8FA7875 /* Inter-Bold.ttf */,
				05AB5E81F49440F1BF924974 /* Inter-ExtraBold.ttf */,
				BF6936B0FC934AA7AC6A82E5 /* Inter-ExtraLight.ttf */,
				648A4A72D7C04A08978CAC9F /* Inter-Light.ttf */,
				020D309BA02647A7B92ACF98 /* Inter-Medium.ttf */,
				5AC6A1E0A6A9470EBCFDA966 /* Inter-Regular.ttf */,
				733523AAF04544BFA92C10B5 /* Inter-SemiBold.ttf */,
				EE20642E3D7743C19F0A4B41 /* Inter-Thin.ttf */,
				D667B7B9731B492EB1EEE63B /* Poppins-Black.ttf */,
				9A5FC35FB8104F6EBDB74934 /* Poppins-BlackItalic.ttf */,
				18402CC487214CB3AD7CA2A7 /* Poppins-Bold.ttf */,
				9C6A4D64E49341128739EE11 /* Poppins-BoldItalic.ttf */,
				FAE9962222734BE3ABC7F66F /* Poppins-ExtraBold.ttf */,
				17858383BB5B4A568A408D36 /* Poppins-ExtraBoldItalic.ttf */,
				781B2EFBDF24444B950E119E /* Poppins-ExtraLight.ttf */,
				A253B33CDA904D85862C0A35 /* Poppins-ExtraLightItalic.ttf */,
				DE82A26B57DA4460B1D66482 /* Poppins-Italic.ttf */,
				27C06BB880B44B0490883E00 /* Poppins-Light.ttf */,
				C93E42C4A01045CDB9CE72C8 /* Poppins-LightItalic.ttf */,
				100E001B6C13471FA09AC68D /* Poppins-Medium.ttf */,
				674536824E2445E1BF1159C3 /* Poppins-MediumItalic.ttf */,
				B1F17B5676084FE3BDE86084 /* Poppins-Regular.ttf */,
				AD1DD08069D64DD187D46C41 /* Poppins-SemiBold.ttf */,
				EF604494427849BAACD58CB9 /* Poppins-SemiBoldItalic.ttf */,
				1F70278163D64815A27CD630 /* Poppins-Thin.ttf */,
				5D82CA5E559A45FE94D3A258 /* Poppins-ThinItalic.ttf */,
				01AC6E7CD2784AD7BF421A0F /* Fonts.js */,
			);
			name = Resources;
			sourceTree = "<group>";
			path = "";
		};
/* End PBXGroup section */

/* Begin PBXNativeTarget section */
		00E356ED1AD99517003FC87E /* EnsembleTests */ = {
			isa = PBXNativeTarget;
			buildConfigurationList = 00E357021AD99517003FC87E /* Build configuration list for PBXNativeTarget "EnsembleTests" */;
			buildPhases = (
				A55EABD7B0C7F3A422A6CC61 /* [CP] Check Pods Manifest.lock */,
				00E356EA1AD99517003FC87E /* Sources */,
				00E356EB1AD99517003FC87E /* Frameworks */,
				00E356EC1AD99517003FC87E /* Resources */,
				C59DA0FBD6956966B86A3779 /* [CP] Embed Pods Frameworks */,
				F6A41C54EA430FDDC6A6ED99 /* [CP] Copy Pods Resources */,
			);
			buildRules = (
			);
			dependencies = (
				00E356F51AD99517003FC87E /* PBXTargetDependency */,
			);
			name = EnsembleTests;
			productName = EnsembleTests;
			productReference = 00E356EE1AD99517003FC87E /* EnsembleTests.xctest */;
			productType = "com.apple.product-type.bundle.unit-test";
		};
		13B07F861A680F5B00A75B9A /* Ensemble */ = {
			isa = PBXNativeTarget;
			buildConfigurationList = 13B07F931A680F5B00A75B9A /* Build configuration list for PBXNativeTarget "Ensemble" */;
			buildPhases = (
				C38B50BA6285516D6DCD4F65 /* [CP] Check Pods Manifest.lock */,
				FD10A7F022414F080027D42C /* Start Packager */,
				13B07F871A680F5B00A75B9A /* Sources */,
				13B07F8C1A680F5B00A75B9A /* Frameworks */,
				13B07F8E1A680F5B00A75B9A /* Resources */,
				00DD1BFF1BD5951E006B06BC /* Bundle React Native code and images */,
				00EEFC60759A1932668264C0 /* [CP] Embed Pods Frameworks */,
				E235C05ADACE081382539298 /* [CP] Copy Pods Resources */,
			);
			buildRules = (
			);
			dependencies = (
			);
			name = Ensemble;
			productName = Ensemble;
			productReference = 13B07F961A680F5B00A75B9A /* Ensemble.app */;
			productType = "com.apple.product-type.application";
		};
/* End PBXNativeTarget section */

/* Begin PBXProject section */
		83CBB9F71A601CBA00E9B192 /* Project object */ = {
			isa = PBXProject;
			attributes = {
				LastUpgradeCheck = 1210;
				TargetAttributes = {
					00E356ED1AD99517003FC87E = {
						CreatedOnToolsVersion = 6.2;
						TestTargetID = 13B07F861A680F5B00A75B9A;
					};
					13B07F861A680F5B00A75B9A = {
						LastSwiftMigration = 1120;
					};
				};
			};
			buildConfigurationList = 83CBB9FA1A601CBA00E9B192 /* Build configuration list for PBXProject "Ensemble" */;
			compatibilityVersion = "Xcode 12.0";
			developmentRegion = en;
			hasScannedForEncodings = 0;
			knownRegions = (
				en,
				Base,
			);
			mainGroup = 83CBB9F61A601CBA00E9B192;
			productRefGroup = 83CBBA001A601CBA00E9B192 /* Products */;
			projectDirPath = "";
			projectRoot = "";
			targets = (
				13B07F861A680F5B00A75B9A /* Ensemble */,
				00E356ED1AD99517003FC87E /* EnsembleTests */,
			);
		};
/* End PBXProject section */

/* Begin PBXResourcesBuildPhase section */
		00E356EC1AD99517003FC87E /* Resources */ = {
			isa = PBXResourcesBuildPhase;
			buildActionMask = 2147483647;
			files = (
			);
			runOnlyForDeploymentPostprocessing = 0;
		};
		13B07F8E1A680F5B00A75B9A /* Resources */ = {
			isa = PBXResourcesBuildPhase;
			buildActionMask = 2147483647;
			files = (
				81AB9BB82411601600AC10FF /* LaunchScreen.storyboard in Resources */,
				13B07FBF1A68108700A75B9A /* Images.xcassets in Resources */,
				3D8766B9321B44A9ACD6765E /* FiraSans-Black.ttf in Resources */,
				96738E03A41E43D387C338EB /* FiraSans-BlackItalic.ttf in Resources */,
				71CEC79CF80A4A11A8F281BA /* FiraSans-Bold.ttf in Resources */,
				0D42602179DE4CE69597C8C2 /* FiraSans-BoldItalic.ttf in Resources */,
				3B54EFA5158A44269BDAAFB0 /* FiraSans-ExtraBold.ttf in Resources */,
				D39463A018A34DD392121E81 /* FiraSans-ExtraBoldItalic.ttf in Resources */,
				28F76EFCE5374AAC98FAB7A8 /* FiraSans-ExtraLight.ttf in Resources */,
				DA41E515080E48A2B7D9B72D /* FiraSans-ExtraLightItalic.ttf in Resources */,
				AB8196311DA34FFAA0830F83 /* FiraSans-Italic.ttf in Resources */,
				E7C5796AAC8E4CE491FE5ED4 /* FiraSans-Light.ttf in Resources */,
				635D692D79574136BA1BD871 /* FiraSans-LightItalic.ttf in Resources */,
				4EF5791A12DC473198C6319E /* FiraSans-Medium.ttf in Resources */,
				E76D6AA36EA7473F8A4586CE /* FiraSans-MediumItalic.ttf in Resources */,
				D8274BE8CB7048B183B4A2DF /* FiraSans-Regular.ttf in Resources */,
				4C6B100823164029BE3297EB /* FiraSans-SemiBold.ttf in Resources */,
				F10222C4DBE64BE89DB0301C /* FiraSans-SemiBoldItalic.ttf in Resources */,
				7A78A5F023004230AA18E131 /* FiraSans-Thin.ttf in Resources */,
				CB3C2E44F9974351A0082175 /* FiraSans-ThinItalic.ttf in Resources */,
				55FE8C936CC34580A980359E /* Inter-Black.ttf in Resources */,
				F089ED715C3740E4B17BEA14 /* Inter-Bold.ttf in Resources */,
				1EA914A3250A4FAEBB3443AD /* Inter-ExtraBold.ttf in Resources */,
				7E57B9D20455445185D7716C /* Inter-ExtraLight.ttf in Resources */,
				6E24CB6E7A014D0A977DF0FA /* Inter-Light.ttf in Resources */,
				753E3E2E9DE740DE9EEB931E /* Inter-Medium.ttf in Resources */,
				355F244FEC224FA48B70F4D0 /* Inter-Regular.ttf in Resources */,
				D98C4BF6D4964316B5DF0DDA /* Inter-SemiBold.ttf in Resources */,
				C3C582330B8E46ACB1D7A271 /* Inter-Thin.ttf in Resources */,
				ACB0A1246FAF4376B5340637 /* Poppins-Black.ttf in Resources */,
				11B6DA2A7E29431AA42D84EC /* Poppins-BlackItalic.ttf in Resources */,
				64C89C69486F4ACBB41C2D6D /* Poppins-Bold.ttf in Resources */,
				52E5E50ACF1243CDBB714600 /* Poppins-BoldItalic.ttf in Resources */,
				56275894B2C54C1C8EB7F0A8 /* Poppins-ExtraBold.ttf in Resources */,
				AB25C7849CB8413484E84E42 /* Poppins-ExtraBoldItalic.ttf in Resources */,
				92ECC5C3128B4E9C914E96F8 /* Poppins-ExtraLight.ttf in Resources */,
				64258171600F4B9B86566449 /* Poppins-ExtraLightItalic.ttf in Resources */,
				EE37A8E55160421FB08E3A22 /* Poppins-Italic.ttf in Resources */,
				6679E1809CAA45D7A8A1D5A5 /* Poppins-Light.ttf in Resources */,
				F03245973F9442E192052E0F /* Poppins-LightItalic.ttf in Resources */,
				30D941D1174E4A2685654D95 /* Poppins-Medium.ttf in Resources */,
				AEDDECABE3594A7BB34731BD /* Poppins-MediumItalic.ttf in Resources */,
				28E0F22D443D45718D844DE5 /* Poppins-Regular.ttf in Resources */,
				2E2ABA420FCA4764BDF2623B /* Poppins-SemiBold.ttf in Resources */,
				8A65239D7C244F919C197B9B /* Poppins-SemiBoldItalic.ttf in Resources */,
				6BBBD0897CF74C18B7767593 /* Poppins-Thin.ttf in Resources */,
				F97B32690C804A9AB1BF04CC /* Poppins-ThinItalic.ttf in Resources */,
				FA04CAA203344A9E88B0E140 /* Fonts.js in Resources */,
			);
			runOnlyForDeploymentPostprocessing = 0;
		};
/* End PBXResourcesBuildPhase section */

/* Begin PBXShellScriptBuildPhase section */
		00DD1BFF1BD5951E006B06BC /* Bundle React Native code and images */ = {
			isa = PBXShellScriptBuildPhase;
			buildActionMask = 2147483647;
			files = (
			);
			inputPaths = (
				"$(SRCROOT)/.xcode.env.local",
				"$(SRCROOT)/.xcode.env",
			);
			name = "Bundle React Native code and images";
			outputPaths = (
			);
			runOnlyForDeploymentPostprocessing = 0;
			shellPath = /bin/sh;
			shellScript = "set -e\n\nWITH_ENVIRONMENT=\"../node_modules/react-native/scripts/xcode/with-environment.sh\"\nREACT_NATIVE_XCODE=\"../node_modules/react-native/scripts/react-native-xcode.sh\"\n\n/bin/sh -c \"$WITH_ENVIRONMENT $REACT_NATIVE_XCODE\"\n";
		};
		00EEFC60759A1932668264C0 /* [CP] Embed Pods Frameworks */ = {
			isa = PBXShellScriptBuildPhase;
			buildActionMask = 2147483647;
			files = (
			);
			inputFileListPaths = (
				"${PODS_ROOT}/Target Support Files/Pods-Ensemble/Pods-Ensemble-frameworks-${CONFIGURATION}-input-files.xcfilelist",
			);
			name = "[CP] Embed Pods Frameworks";
			outputFileListPaths = (
				"${PODS_ROOT}/Target Support Files/Pods-Ensemble/Pods-Ensemble-frameworks-${CONFIGURATION}-output-files.xcfilelist",
			);
			runOnlyForDeploymentPostprocessing = 0;
			shellPath = /bin/sh;
			shellScript = "\"${PODS_ROOT}/Target Support Files/Pods-Ensemble/Pods-Ensemble-frameworks.sh\"\n";
			showEnvVarsInLog = 0;
		};
		A55EABD7B0C7F3A422A6CC61 /* [CP] Check Pods Manifest.lock */ = {
			isa = PBXShellScriptBuildPhase;
			buildActionMask = 2147483647;
			files = (
			);
			inputFileListPaths = (
			);
			inputPaths = (
				"${PODS_PODFILE_DIR_PATH}/Podfile.lock",
				"${PODS_ROOT}/Manifest.lock",
			);
			name = "[CP] Check Pods Manifest.lock";
			outputFileListPaths = (
			);
			outputPaths = (
				"$(DERIVED_FILE_DIR)/Pods-Ensemble-EnsembleTests-checkManifestLockResult.txt",
			);
			runOnlyForDeploymentPostprocessing = 0;
			shellPath = /bin/sh;
			shellScript = "diff \"${PODS_PODFILE_DIR_PATH}/Podfile.lock\" \"${PODS_ROOT}/Manifest.lock\" > /dev/null\nif [ $? != 0 ] ; then\n    # print error to STDERR\n    echo \"error: The sandbox is not in sync with the Podfile.lock. Run 'pod install' or update your CocoaPods installation.\" >&2\n    exit 1\nfi\n# This output is used by Xcode 'outputs' to avoid re-running this script phase.\necho \"SUCCESS\" > \"${SCRIPT_OUTPUT_FILE_0}\"\n";
			showEnvVarsInLog = 0;
		};
		C38B50BA6285516D6DCD4F65 /* [CP] Check Pods Manifest.lock */ = {
			isa = PBXShellScriptBuildPhase;
			buildActionMask = 2147483647;
			files = (
			);
			inputFileListPaths = (
			);
			inputPaths = (
				"${PODS_PODFILE_DIR_PATH}/Podfile.lock",
				"${PODS_ROOT}/Manifest.lock",
			);
			name = "[CP] Check Pods Manifest.lock";
			outputFileListPaths = (
			);
			outputPaths = (
				"$(DERIVED_FILE_DIR)/Pods-Ensemble-checkManifestLockResult.txt",
			);
			runOnlyForDeploymentPostprocessing = 0;
			shellPath = /bin/sh;
			shellScript = "diff \"${PODS_PODFILE_DIR_PATH}/Podfile.lock\" \"${PODS_ROOT}/Manifest.lock\" > /dev/null\nif [ $? != 0 ] ; then\n    # print error to STDERR\n    echo \"error: The sandbox is not in sync with the Podfile.lock. Run 'pod install' or update your CocoaPods installation.\" >&2\n    exit 1\nfi\n# This output is used by Xcode 'outputs' to avoid re-running this script phase.\necho \"SUCCESS\" > \"${SCRIPT_OUTPUT_FILE_0}\"\n";
			showEnvVarsInLog = 0;
		};
		C59DA0FBD6956966B86A3779 /* [CP] Embed Pods Frameworks */ = {
			isa = PBXShellScriptBuildPhase;
			buildActionMask = 2147483647;
			files = (
			);
			inputFileListPaths = (
				"${PODS_ROOT}/Target Support Files/Pods-Ensemble-EnsembleTests/Pods-Ensemble-EnsembleTests-frameworks-${CONFIGURATION}-input-files.xcfilelist",
			);
			name = "[CP] Embed Pods Frameworks";
			outputFileListPaths = (
				"${PODS_ROOT}/Target Support Files/Pods-Ensemble-EnsembleTests/Pods-Ensemble-EnsembleTests-frameworks-${CONFIGURATION}-output-files.xcfilelist",
			);
			runOnlyForDeploymentPostprocessing = 0;
			shellPath = /bin/sh;
			shellScript = "\"${PODS_ROOT}/Target Support Files/Pods-Ensemble-EnsembleTests/Pods-Ensemble-EnsembleTests-frameworks.sh\"\n";
			showEnvVarsInLog = 0;
		};
		E235C05ADACE081382539298 /* [CP] Copy Pods Resources */ = {
			isa = PBXShellScriptBuildPhase;
			buildActionMask = 2147483647;
			files = (
			);
			inputFileListPaths = (
				"${PODS_ROOT}/Target Support Files/Pods-Ensemble/Pods-Ensemble-resources-${CONFIGURATION}-input-files.xcfilelist",
			);
			name = "[CP] Copy Pods Resources";
			outputFileListPaths = (
				"${PODS_ROOT}/Target Support Files/Pods-Ensemble/Pods-Ensemble-resources-${CONFIGURATION}-output-files.xcfilelist",
			);
			runOnlyForDeploymentPostprocessing = 0;
			shellPath = /bin/sh;
			shellScript = "\"${PODS_ROOT}/Target Support Files/Pods-Ensemble/Pods-Ensemble-resources.sh\"\n";
			showEnvVarsInLog = 0;
		};
		F6A41C54EA430FDDC6A6ED99 /* [CP] Copy Pods Resources */ = {
			isa = PBXShellScriptBuildPhase;
			buildActionMask = 2147483647;
			files = (
			);
			inputFileListPaths = (
				"${PODS_ROOT}/Target Support Files/Pods-Ensemble-EnsembleTests/Pods-Ensemble-EnsembleTests-resources-${CONFIGURATION}-input-files.xcfilelist",
			);
			name = "[CP] Copy Pods Resources";
			outputFileListPaths = (
				"${PODS_ROOT}/Target Support Files/Pods-Ensemble-EnsembleTests/Pods-Ensemble-EnsembleTests-resources-${CONFIGURATION}-output-files.xcfilelist",
			);
			runOnlyForDeploymentPostprocessing = 0;
			shellPath = /bin/sh;
			shellScript = "\"${PODS_ROOT}/Target Support Files/Pods-Ensemble-EnsembleTests/Pods-Ensemble-EnsembleTests-resources.sh\"\n";
			showEnvVarsInLog = 0;
		};
		FD10A7F022414F080027D42C /* Start Packager */ = {
			isa = PBXShellScriptBuildPhase;
			buildActionMask = 2147483647;
			files = (
			);
			inputFileListPaths = (
			);
			inputPaths = (
			);
			name = "Start Packager";
			outputFileListPaths = (
			);
			outputPaths = (
			);
			runOnlyForDeploymentPostprocessing = 0;
			shellPath = /bin/sh;
			shellScript = "export RCT_METRO_PORT=\"${RCT_METRO_PORT:=8081}\"\necho \"export RCT_METRO_PORT=${RCT_METRO_PORT}\" > \"${SRCROOT}/../node_modules/react-native/scripts/.packager.env\"\nif [ -z \"${RCT_NO_LAUNCH_PACKAGER+xxx}\" ] ; then\n  if nc -w 5 -z localhost ${RCT_METRO_PORT} ; then\n    if ! curl -s \"http://localhost:${RCT_METRO_PORT}/status\" | grep -q \"packager-status:running\" ; then\n      echo \"Port ${RCT_METRO_PORT} already in use, packager is either not running or not running correctly\"\n      exit 2\n    fi\n  else\n    open \"$SRCROOT/../node_modules/react-native/scripts/launchPackager.command\" || echo \"Can't start packager automatically\"\n  fi\nfi\n";
			showEnvVarsInLog = 0;
		};
/* End PBXShellScriptBuildPhase section */

/* Begin PBXSourcesBuildPhase section */
		00E356EA1AD99517003FC87E /* Sources */ = {
			isa = PBXSourcesBuildPhase;
			buildActionMask = 2147483647;
			files = (
				00E356F31AD99517003FC87E /* EnsembleTests.m in Sources */,
			);
			runOnlyForDeploymentPostprocessing = 0;
		};
		13B07F871A680F5B00A75B9A /* Sources */ = {
			isa = PBXSourcesBuildPhase;
			buildActionMask = 2147483647;
			files = (
				13B07FBC1A68108700A75B9A /* AppDelegate.mm in Sources */,
				13B07FC11A68108700A75B9A /* main.m in Sources */,
			);
			runOnlyForDeploymentPostprocessing = 0;
		};
/* End PBXSourcesBuildPhase section */

/* Begin PBXTargetDependency section */
		00E356F51AD99517003FC87E /* PBXTargetDependency */ = {
			isa = PBXTargetDependency;
			target = 13B07F861A680F5B00A75B9A /* Ensemble */;
			targetProxy = 00E356F41AD99517003FC87E /* PBXContainerItemProxy */;
		};
/* End PBXTargetDependency section */

/* Begin XCBuildConfiguration section */
		00E356F61AD99517003FC87E /* Debug */ = {
			isa = XCBuildConfiguration;
			baseConfigurationReference = 5B7EB9410499542E8C5724F5 /* Pods-Ensemble-EnsembleTests.debug.xcconfig */;
			buildSettings = {
				BUNDLE_LOADER = "$(TEST_HOST)";
				GCC_PREPROCESSOR_DEFINITIONS = (
					"DEBUG=1",
					"$(inherited)",
				);
				INFOPLIST_FILE = EnsembleTests/Info.plist;
				IPHONEOS_DEPLOYMENT_TARGET = 12.4;
				LD_RUNPATH_SEARCH_PATHS = (
					"$(inherited)",
					"@executable_path/Frameworks",
					"@loader_path/Frameworks",
				);
				OTHER_LDFLAGS = (
					"-ObjC",
					"-lc++",
					"$(inherited)",
				);
				PRODUCT_BUNDLE_IDENTIFIER = "org.reactjs.native.example.$(PRODUCT_NAME:rfc1034identifier)";
				PRODUCT_NAME = "$(TARGET_NAME)";
				TEST_HOST = "$(BUILT_PRODUCTS_DIR)/Ensemble.app/Ensemble";
			};
			name = Debug;
		};
		00E356F71AD99517003FC87E /* Release */ = {
			isa = XCBuildConfiguration;
			baseConfigurationReference = 89C6BE57DB24E9ADA2F236DE /* Pods-Ensemble-EnsembleTests.release.xcconfig */;
			buildSettings = {
				BUNDLE_LOADER = "$(TEST_HOST)";
				COPY_PHASE_STRIP = NO;
				INFOPLIST_FILE = EnsembleTests/Info.plist;
				IPHONEOS_DEPLOYMENT_TARGET = 12.4;
				LD_RUNPATH_SEARCH_PATHS = (
					"$(inherited)",
					"@executable_path/Frameworks",
					"@loader_path/Frameworks",
				);
				OTHER_LDFLAGS = (
					"-ObjC",
					"-lc++",
					"$(inherited)",
				);
				PRODUCT_BUNDLE_IDENTIFIER = "org.reactjs.native.example.$(PRODUCT_NAME:rfc1034identifier)";
				PRODUCT_NAME = "$(TARGET_NAME)";
				TEST_HOST = "$(BUILT_PRODUCTS_DIR)/Ensemble.app/Ensemble";
			};
			name = Release;
		};
		13B07F941A680F5B00A75B9A /* Debug */ = {
			isa = XCBuildConfiguration;
			baseConfigurationReference = 3B4392A12AC88292D35C810B /* Pods-Ensemble.debug.xcconfig */;
			buildSettings = {
				ASSETCATALOG_COMPILER_APPICON_NAME = AppIcon;
				CLANG_ENABLE_MODULES = YES;
				CURRENT_PROJECT_VERSION = 1;
				ENABLE_BITCODE = NO;
				INFOPLIST_FILE = Ensemble/Info.plist;
				LD_RUNPATH_SEARCH_PATHS = (
					"$(inherited)",
					"@executable_path/Frameworks",
				);
				OTHER_LDFLAGS = (
					"$(inherited)",
					"-ObjC",
					"-lc++",
				);
				PRODUCT_BUNDLE_IDENTIFIER = "org.reactjs.native.example.$(PRODUCT_NAME:rfc1034identifier)";
				PRODUCT_NAME = Ensemble;
				SWIFT_OPTIMIZATION_LEVEL = "-Onone";
				SWIFT_VERSION = 5.0;
				VERSIONING_SYSTEM = "apple-generic";
			};
			name = Debug;
		};
		13B07F951A680F5B00A75B9A /* Release */ = {
			isa = XCBuildConfiguration;
			baseConfigurationReference = 5709B34CF0A7D63546082F79 /* Pods-Ensemble.release.xcconfig */;
			buildSettings = {
				ASSETCATALOG_COMPILER_APPICON_NAME = AppIcon;
				CLANG_ENABLE_MODULES = YES;
				CURRENT_PROJECT_VERSION = 1;
				INFOPLIST_FILE = Ensemble/Info.plist;
				LD_RUNPATH_SEARCH_PATHS = (
					"$(inherited)",
					"@executable_path/Frameworks",
				);
				OTHER_LDFLAGS = (
					"$(inherited)",
					"-ObjC",
					"-lc++",
				);
				PRODUCT_BUNDLE_IDENTIFIER = "org.reactjs.native.example.$(PRODUCT_NAME:rfc1034identifier)";
				PRODUCT_NAME = Ensemble;
				SWIFT_VERSION = 5.0;
				VERSIONING_SYSTEM = "apple-generic";
			};
			name = Release;
		};
		83CBBA201A601CBA00E9B192 /* Debug */ = {
			isa = XCBuildConfiguration;
			buildSettings = {
				ALWAYS_SEARCH_USER_PATHS = NO;
				CLANG_ANALYZER_LOCALIZABILITY_NONLOCALIZED = YES;
				CLANG_CXX_LANGUAGE_STANDARD = "c++17";
				CLANG_CXX_LIBRARY = "libc++";
				CLANG_ENABLE_MODULES = YES;
				CLANG_ENABLE_OBJC_ARC = YES;
				CLANG_WARN_BLOCK_CAPTURE_AUTORELEASING = YES;
				CLANG_WARN_BOOL_CONVERSION = YES;
				CLANG_WARN_COMMA = YES;
				CLANG_WARN_CONSTANT_CONVERSION = YES;
				CLANG_WARN_DEPRECATED_OBJC_IMPLEMENTATIONS = YES;
				CLANG_WARN_DIRECT_OBJC_ISA_USAGE = YES_ERROR;
				CLANG_WARN_EMPTY_BODY = YES;
				CLANG_WARN_ENUM_CONVERSION = YES;
				CLANG_WARN_INFINITE_RECURSION = YES;
				CLANG_WARN_INT_CONVERSION = YES;
				CLANG_WARN_NON_LITERAL_NULL_CONVERSION = YES;
				CLANG_WARN_OBJC_IMPLICIT_RETAIN_SELF = YES;
				CLANG_WARN_OBJC_LITERAL_CONVERSION = YES;
				CLANG_WARN_OBJC_ROOT_CLASS = YES_ERROR;
				CLANG_WARN_QUOTED_INCLUDE_IN_FRAMEWORK_HEADER = YES;
				CLANG_WARN_RANGE_LOOP_ANALYSIS = YES;
				CLANG_WARN_STRICT_PROTOTYPES = YES;
				CLANG_WARN_SUSPICIOUS_MOVE = YES;
				CLANG_WARN_UNREACHABLE_CODE = YES;
				CLANG_WARN__DUPLICATE_METHOD_MATCH = YES;
				"CODE_SIGN_IDENTITY[sdk=iphoneos*]" = "iPhone Developer";
				COPY_PHASE_STRIP = NO;
				ENABLE_STRICT_OBJC_MSGSEND = YES;
				ENABLE_TESTABILITY = YES;
				"EXCLUDED_ARCHS[sdk=iphonesimulator*]" = "";
				GCC_C_LANGUAGE_STANDARD = gnu99;
				GCC_DYNAMIC_NO_PIC = NO;
				GCC_NO_COMMON_BLOCKS = YES;
				GCC_OPTIMIZATION_LEVEL = 0;
				GCC_PREPROCESSOR_DEFINITIONS = (
					"DEBUG=1",
					"$(inherited)",
				);
				GCC_SYMBOLS_PRIVATE_EXTERN = NO;
				GCC_WARN_64_TO_32_BIT_CONVERSION = YES;
				GCC_WARN_ABOUT_RETURN_TYPE = YES_ERROR;
				GCC_WARN_UNDECLARED_SELECTOR = YES;
				GCC_WARN_UNINITIALIZED_AUTOS = YES_AGGRESSIVE;
				GCC_WARN_UNUSED_FUNCTION = YES;
				GCC_WARN_UNUSED_VARIABLE = YES;
				IPHONEOS_DEPLOYMENT_TARGET = 12.4;
				LD_RUNPATH_SEARCH_PATHS = (
					/usr/lib/swift,
					"$(inherited)",
				);
				LIBRARY_SEARCH_PATHS = (
					"\"$(SDKROOT)/usr/lib/swift\"",
					"\"$(TOOLCHAIN_DIR)/usr/lib/swift/$(PLATFORM_NAME)\"",
					"\"$(inherited)\"",
				);
				MTL_ENABLE_DEBUG_INFO = YES;
				ONLY_ACTIVE_ARCH = YES;
				OTHER_CPLUSPLUSFLAGS = (
					"$(OTHER_CFLAGS)",
					"-DFOLLY_NO_CONFIG",
					"-DFOLLY_MOBILE=1",
					"-DFOLLY_USE_LIBCPP=1",
				);
				SDKROOT = iphoneos;
			};
			name = Debug;
		};
		83CBBA211A601CBA00E9B192 /* Release */ = {
			isa = XCBuildConfiguration;
			buildSettings = {
				ALWAYS_SEARCH_USER_PATHS = NO;
				CLANG_ANALYZER_LOCALIZABILITY_NONLOCALIZED = YES;
				CLANG_CXX_LANGUAGE_STANDARD = "c++17";
				CLANG_CXX_LIBRARY = "libc++";
				CLANG_ENABLE_MODULES = YES;
				CLANG_ENABLE_OBJC_ARC = YES;
				CLANG_WARN_BLOCK_CAPTURE_AUTORELEASING = YES;
				CLANG_WARN_BOOL_CONVERSION = YES;
				CLANG_WARN_COMMA = YES;
				CLANG_WARN_CONSTANT_CONVERSION = YES;
				CLANG_WARN_DEPRECATED_OBJC_IMPLEMENTATIONS = YES;
				CLANG_WARN_DIRECT_OBJC_ISA_USAGE = YES_ERROR;
				CLANG_WARN_EMPTY_BODY = YES;
				CLANG_WARN_ENUM_CONVERSION = YES;
				CLANG_WARN_INFINITE_RECURSION = YES;
				CLANG_WARN_INT_CONVERSION = YES;
				CLANG_WARN_NON_LITERAL_NULL_CONVERSION = YES;
				CLANG_WARN_OBJC_IMPLICIT_RETAIN_SELF = YES;
				CLANG_WARN_OBJC_LITERAL_CONVERSION = YES;
				CLANG_WARN_OBJC_ROOT_CLASS = YES_ERROR;
				CLANG_WARN_QUOTED_INCLUDE_IN_FRAMEWORK_HEADER = YES;
				CLANG_WARN_RANGE_LOOP_ANALYSIS = YES;
				CLANG_WARN_STRICT_PROTOTYPES = YES;
				CLANG_WARN_SUSPICIOUS_MOVE = YES;
				CLANG_WARN_UNREACHABLE_CODE = YES;
				CLANG_WARN__DUPLICATE_METHOD_MATCH = YES;
				"CODE_SIGN_IDENTITY[sdk=iphoneos*]" = "iPhone Developer";
				COPY_PHASE_STRIP = YES;
				ENABLE_NS_ASSERTIONS = NO;
				ENABLE_STRICT_OBJC_MSGSEND = YES;
				"EXCLUDED_ARCHS[sdk=iphonesimulator*]" = "";
				GCC_C_LANGUAGE_STANDARD = gnu99;
				GCC_NO_COMMON_BLOCKS = YES;
				GCC_WARN_64_TO_32_BIT_CONVERSION = YES;
				GCC_WARN_ABOUT_RETURN_TYPE = YES_ERROR;
				GCC_WARN_UNDECLARED_SELECTOR = YES;
				GCC_WARN_UNINITIALIZED_AUTOS = YES_AGGRESSIVE;
				GCC_WARN_UNUSED_FUNCTION = YES;
				GCC_WARN_UNUSED_VARIABLE = YES;
				IPHONEOS_DEPLOYMENT_TARGET = 12.4;
				LD_RUNPATH_SEARCH_PATHS = (
					/usr/lib/swift,
					"$(inherited)",
				);
				LIBRARY_SEARCH_PATHS = (
					"\"$(SDKROOT)/usr/lib/swift\"",
					"\"$(TOOLCHAIN_DIR)/usr/lib/swift/$(PLATFORM_NAME)\"",
					"\"$(inherited)\"",
				);
				MTL_ENABLE_DEBUG_INFO = NO;
				OTHER_CPLUSPLUSFLAGS = (
					"$(OTHER_CFLAGS)",
					"-DFOLLY_NO_CONFIG",
					"-DFOLLY_MOBILE=1",
					"-DFOLLY_USE_LIBCPP=1",
				);
				SDKROOT = iphoneos;
				VALIDATE_PRODUCT = YES;
			};
			name = Release;
		};
/* End XCBuildConfiguration section */

/* Begin XCConfigurationList section */
		00E357021AD99517003FC87E /* Build configuration list for PBXNativeTarget "EnsembleTests" */ = {
			isa = XCConfigurationList;
			buildConfigurations = (
				00E356F61AD99517003FC87E /* Debug */,
				00E356F71AD99517003FC87E /* Release */,
			);
			defaultConfigurationIsVisible = 0;
			defaultConfigurationName = Release;
		};
		13B07F931A680F5B00A75B9A /* Build configuration list for PBXNativeTarget "Ensemble" */ = {
			isa = XCConfigurationList;
			buildConfigurations = (
				13B07F941A680F5B00A75B9A /* Debug */,
				13B07F951A680F5B00A75B9A /* Release */,
			);
			defaultConfigurationIsVisible = 0;
			defaultConfigurationName = Release;
		};
		83CBB9FA1A601CBA00E9B192 /* Build configuration list for PBXProject "Ensemble" */ = {
			isa = XCConfigurationList;
			buildConfigurations = (
				83CBBA201A601CBA00E9B192 /* Debug */,
				83CBBA211A601CBA00E9B192 /* Release */,
			);
			defaultConfigurationIsVisible = 0;
			defaultConfigurationName = Release;
		};
/* End XCConfigurationList section */
	};
	rootObject = 83CBB9F71A601CBA00E9B192 /* Project object */;
}
